
Microsoft Visual Studio Solution File, Format Version 12.00
# Visual Studio 15
VisualStudioVersion = 15.0.36001.139
MinimumVisualStudioVersion = 10.0.40219.1
Project("{FAE04EC0-301F-11D3-BF4B-00C04F79EFBC}") = "ADO_NET", "ADO_NET\ADO_NET.csproj", "{39CDD807-888D-47AA-99A2-A41406C30A58}"
EndProject
Project("{FAE04EC0-301F-11D3-BF4B-00C04F79EFBC}") = "Academy", "Academy\Academy.csproj", "{4C20EEFC-7C7D-4DD4-9138-04CB90EBCB4A}"
EndProject
Project("{FAE04EC0-301F-11D3-BF4B-00C04F79EFBC}") = "DataSet", "DataSet\DataSet.csproj", "{0E43D40B-1A33-4F0F-8183-30C89F5761F6}"
EndProject
Project("{FAE04EC0-301F-11D3-BF4B-00C04F79EFBC}") = "LINQ", "LINQ\LINQ.csproj", "{114352DE-7F35-43EB-94E3-6DB450544A62}"
EndProject
Global
	GlobalSection(SolutionConfigurationPlatforms) = preSolution
		Debug|Any CPU = Debug|Any CPU
		Release|Any CPU = Release|Any CPU
	EndGlobalSection
	GlobalSection(ProjectConfigurationPlatforms) = postSolution
		{39CDD807-888D-47AA-99A2-A41406C30A58}.Debug|Any CPU.ActiveCfg = Debug|Any CPU
		{39CDD807-888D-47AA-99A2-A41406C30A58}.Debug|Any CPU.Build.0 = Debug|Any CPU
		{39CDD807-888D-47AA-99A2-A41406C30A58}.Release|Any CPU.ActiveCfg = Release|Any CPU
		{39CDD807-888D-47AA-99A2-A41406C30A58}.Release|Any CPU.Build.0 = Release|Any CPU
		{4C20EEFC-7C7D-4DD4-9138-04CB90EBCB4A}.Debug|Any CPU.ActiveCfg = Debug|Any CPU
		{4C20EEFC-7C7D-4DD4-9138-04CB90EBCB4A}.Debug|Any CPU.Build.0 = Debug|Any CPU
		{4C20EEFC-7C7D-4DD4-9138-04CB90EBCB4A}.Release|Any CPU.ActiveCfg = Release|Any CPU
		{4C20EEFC-7C7D-4DD4-9138-04CB90EBCB4A}.Release|Any CPU.Build.0 = Release|Any CPU
		{0E43D40B-1A33-4F0F-8183-30C89F5761F6}.Debug|Any CPU.ActiveCfg = Debug|Any CPU
		{0E43D40B-1A33-4F0F-8183-30C89F5761F6}.Debug|Any CPU.Build.0 = Debug|Any CPU
		{0E43D40B-1A33-4F0F-8183-30C89F5761F6}.Release|Any CPU.ActiveCfg = Release|Any CPU
		{0E43D40B-1A33-4F0F-8183-30C89F5761F6}.Release|Any CPU.Build.0 = Release|Any CPU
		{114352DE-7F35-43EB-94E3-6DB450544A62}.Debug|Any CPU.ActiveCfg = Debug|Any CPU
		{114352DE-7F35-43EB-94E3-6DB450544A62}.Debug|Any CPU.Build.0 = Debug|Any CPU
		{114352DE-7F35-43EB-94E3-6DB450544A62}.Release|Any CPU.ActiveCfg = Release|Any CPU
		{114352DE-7F35-43EB-94E3-6DB450544A62}.Release|Any CPU.Build.0 = Release|Any CPU
	EndGlobalSection
	GlobalSection(SolutionProperties) = preSolution
		HideSolutionNode = FALSE
	EndGlobalSection
	GlobalSection(ExtensibilityGlobals) = postSolution
		SolutionGuid = {02777F3C-E5B3-4894-98AF-9EA9D1CC6C98}
	EndGlobalSection
EndGlobal
